PODS:
  - Alamofire (3.0.0-beta.3)
  - CCNStatusItem (0.3.1)
  - DateTools (1.7.0)
  - ObjectMapper (0.17)
  - OMGHTTPURLRQ (3.0.0):
    - OMGHTTPURLRQ/RQ (= 3.0.0)
  - OMGHTTPURLRQ/FormURLEncode (3.0.0)
  - OMGHTTPURLRQ/RQ (3.0.0):
    - OMGHTTPURLRQ/FormURLEncode
    - OMGHTTPURLRQ/UserAgent
  - OMGHTTPURLRQ/UserAgent (3.0.0)
  - PromiseKit (3.0.0):
    - PromiseKit/Foundation (= 3.0.0)
    - PromiseKit/QuartzCore (= 3.0.0)
    - PromiseKit/UIKit (= 3.0.0)
  - PromiseKit/CorePromise (3.0.0)
  - PromiseKit/Foundation (3.0.0):
    - OMGHTTPURLRQ (~> 3.0.0)
    - PromiseKit/CorePromise
  - PromiseKit/QuartzCore (3.0.0):
    - PromiseKit/CorePromise
  - PromiseKit/UIKit (3.0.0):
    - PromiseKit/CorePromise
  - XCGLogger (3.0)

DEPENDENCIES:
  - Alamofire (~> 3.0.0-beta.3)
  - CCNStatusItem
  - DateTools (~> 1.7.0)
  - ObjectMapper (~> 0.17)
  - PromiseKit (from `https://github.com/mxcl/PromiseKit.git`, branch `swift-2.0-beta5`)
  - XCGLogger (~> 3.0)

EXTERNAL SOURCES:
  PromiseKit:
    :branch: swift-2.0-beta5
    :git: https://github.com/mxcl/PromiseKit.git

CHECKOUT OPTIONS:
  PromiseKit:
    :commit: 69ac5b07d92396108597da82f8c144e80a0f7f77
    :git: https://github.com/mxcl/PromiseKit.git

SPEC CHECKSUMS:
  Alamofire: c89149e58431f6f94527e8c01f920456afe39bd0
  CCNStatusItem: 08cf5e641bbd50025b15fa2a1ba871726cebd98d
  DateTools: 53288ee8b905fdc75897a1e6b5cc0144b14cba60
  ObjectMapper: fa286b7cb5a398f1b0d8d64d0dd33fd1b307022c
  OMGHTTPURLRQ: 45cd892e5643206a5a359307621df7678625ebec
  PromiseKit: ca8e463ed27e3ab5d05ebeb237e4d50447822e4d
  XCGLogger: 5802533aff8bafc8b3b9776ab8972576f31d0a4e

COCOAPODS: 0.38.2
